
Microsoft Visual Studio Solution File, Format Version 12.00
# Visual Studio Version 17
VisualStudioVersion = 17.12.35527.113 d17.12
MinimumVisualStudioVersion = 10.0.40219.1
Project("{FAE04EC0-301F-11D3-BF4B-00C04F79EFBC}") = "FandooNotesApp", "FandooNotesApp\FandooNotesApp.csproj", "{65185A76-3EEC-4E5A-9570-4203290CAAB6}"
EndProject
Project("{FAE04EC0-301F-11D3-BF4B-00C04F79EFBC}") = "ManagerLayer", "ManagerLayer\ManagerLayer.csproj", "{C53C56F4-00CE-4B4F-90A1-2EE78FC29E6A}"
EndProject
Project("{FAE04EC0-301F-11D3-BF4B-00C04F79EFBC}") = "RepositoryLayer", "RepositoryLayer\RepositoryLayer.csproj", "{F609394F-4FC8-490B-88A3-B0F24F140C04}"
EndProject
Project("{FAE04EC0-301F-11D3-BF4B-00C04F79EFBC}") = "CommonLayer", "CommonLayer\CommonLayer.csproj", "{55F3BDAF-7126-4DC3-80FC-02DF81DC3BC7}"
EndProject
Global
	GlobalSection(SolutionConfigurationPlatforms) = preSolution
		Debug|Any CPU = Debug|Any CPU
		Release|Any CPU = Release|Any CPU
	EndGlobalSection
	GlobalSection(ProjectConfigurationPlatforms) = postSolution
		{65185A76-3EEC-4E5A-9570-4203290CAAB6}.Debug|Any CPU.ActiveCfg = Debug|Any CPU
		{65185A76-3EEC-4E5A-9570-4203290CAAB6}.Debug|Any CPU.Build.0 = Debug|Any CPU
		{65185A76-3EEC-4E5A-9570-4203290CAAB6}.Release|Any CPU.ActiveCfg = Release|Any CPU
		{65185A76-3EEC-4E5A-9570-4203290CAAB6}.Release|Any CPU.Build.0 = Release|Any CPU
		{C53C56F4-00CE-4B4F-90A1-2EE78FC29E6A}.Debug|Any CPU.ActiveCfg = Debug|Any CPU
		{C53C56F4-00CE-4B4F-90A1-2EE78FC29E6A}.Debug|Any CPU.Build.0 = Debug|Any CPU
		{C53C56F4-00CE-4B4F-90A1-2EE78FC29E6A}.Release|Any CPU.ActiveCfg = Release|Any CPU
		{C53C56F4-00CE-4B4F-90A1-2EE78FC29E6A}.Release|Any CPU.Build.0 = Release|Any CPU
		{F609394F-4FC8-490B-88A3-B0F24F140C04}.Debug|Any CPU.ActiveCfg = Debug|Any CPU
		{F609394F-4FC8-490B-88A3-B0F24F140C04}.Debug|Any CPU.Build.0 = Debug|Any CPU
		{F609394F-4FC8-490B-88A3-B0F24F140C04}.Release|Any CPU.ActiveCfg = Release|Any CPU
		{F609394F-4FC8-490B-88A3-B0F24F140C04}.Release|Any CPU.Build.0 = Release|Any CPU
		{55F3BDAF-7126-4DC3-80FC-02DF81DC3BC7}.Debug|Any CPU.ActiveCfg = Debug|Any CPU
		{55F3BDAF-7126-4DC3-80FC-02DF81DC3BC7}.Debug|Any CPU.Build.0 = Debug|Any CPU
		{55F3BDAF-7126-4DC3-80FC-02DF81DC3BC7}.Release|Any CPU.ActiveCfg = Release|Any CPU
		{55F3BDAF-7126-4DC3-80FC-02DF81DC3BC7}.Release|Any CPU.Build.0 = Release|Any CPU
	EndGlobalSection
	GlobalSection(SolutionProperties) = preSolution
		HideSolutionNode = FALSE
	EndGlobalSection
EndGlobal
